
Microsoft Visual Studio Solution File, Format Version 12.00
# Visual Studio Version 17
VisualStudioVersion = 17.13.35931.197 d17.13
MinimumVisualStudioVersion = 10.0.40219.1
Project("{FAE04EC0-301F-11D3-BF4B-00C04F79EFBC}") = "serverconnection_gyak", "serverconnection_gyak\serverconnection_gyak.csproj", "{D2B46755-83BC-46F9-8CA0-56FA3D51655C}"
EndProject
Global
	GlobalSection(SolutionConfigurationPlatforms) = preSolution
		Debug|Any CPU = Debug|Any CPU
		Release|Any CPU = Release|Any CPU
	EndGlobalSection
	GlobalSection(ProjectConfigurationPlatforms) = postSolution
		{D2B46755-83BC-46F9-8CA0-56FA3D51655C}.Debug|Any CPU.ActiveCfg = Debug|Any CPU
		{D2B46755-83BC-46F9-8CA0-56FA3D51655C}.Debug|Any CPU.Build.0 = Debug|Any CPU
		{D2B46755-83BC-46F9-8CA0-56FA3D51655C}.Release|Any CPU.ActiveCfg = Release|Any CPU
		{D2B46755-83BC-46F9-8CA0-56FA3D51655C}.Release|Any CPU.Build.0 = Release|Any CPU
	EndGlobalSection
	GlobalSection(SolutionProperties) = preSolution
		HideSolutionNode = FALSE
	EndGlobalSection
	GlobalSection(ExtensibilityGlobals) = postSolution
		SolutionGuid = {23F50248-7085-490F-9270-47A5139D0F0E}
	EndGlobalSection
EndGlobal
